{
  "requires": true,
  "lockfileVersion": 1,
  "dependencies": {
    "bulma": {
      "version": "1.0.2",
      "resolved": "https://registry.npmjs.org/bulma/-/bulma-1.0.2.tgz",
      "integrity": "sha512-D7GnDuF6seb6HkcnRMM9E739QpEY9chDzzeFrHMyEns/EXyDJuQ0XA0KxbBl/B2NTsKSoDomW61jFGFaAxhK5A==",
      "dev": true
    },
    "bulma-tooltip": {
      "version": "2.0.2",
      "resolved": "https://registry.npmjs.org/bulma-tooltip/-/bulma-tooltip-2.0.2.tgz",
      "integrity": "sha512-xsqWeWV7tsUn3uH04SqJeP7/CyC1RaDVIyVzr4/sIO3friIIOi7L6jc5g7qUwDxuBQl72yH/yRPuefpXoQ4hWg==",
      "dev": true
    }
  }
}
