{
  "requires": true,
  "lockfileVersion": 1,
  "dependencies": {
    "bulma": {
      "version": "0.9.4",
      "resolved": "https://registry.npmjs.org/bulma/-/bulma-0.9.4.tgz",
      "integrity": "sha512-86FlT5+1GrsgKbPLRRY7cGDg8fsJiP/jzTqXXVqiUZZ2aZT8uemEOHlU1CDU+TxklPEZ11HZNNWclRBBecP4CQ==",
      "dev": true
    },
    "bulma-tooltip": {
      "version": "2.0.2",
      "resolved": "https://registry.npmjs.org/bulma-tooltip/-/bulma-tooltip-2.0.2.tgz",
      "integrity": "sha512-xsqWeWV7tsUn3uH04SqJeP7/CyC1RaDVIyVzr4/sIO3friIIOi7L6jc5g7qUwDxuBQl72yH/yRPuefpXoQ4hWg==",
      "dev": true
    }
  }
}
